
Microsoft Visual Studio Solution File, Format Version 12.00
# Visual Studio 14
VisualStudioVersion = 14.0.25420.1
MinimumVisualStudioVersion = 10.0.40219.1
Project("{2150E333-8FDC-42A3-9474-1A3956D46DE8}") = "src", "src", "{EEE8B00A-29BC-4DF2-95C7-1FC2A2F49EA4}"
EndProject
Project("{2150E333-8FDC-42A3-9474-1A3956D46DE8}") = "Solution Items", "Solution Items", "{8EB7A32D-BA06-470C-97C9-CBB43F0D2FAE}"
	ProjectSection(SolutionItems) = preProject
		global.json = global.json
	EndProjectSection
EndProject
Project("{8BB2217D-0F2D-49D1-97BC-3654ED321F3B}") = "WareHouse.Data", "src\WareHouse.Data\WareHouse.Data.xproj", "{B96F68CC-4AA4-4FEB-9C24-2D215A71C388}"
EndProject
Project("{8BB2217D-0F2D-49D1-97BC-3654ED321F3B}") = "WareHouse.WebAPI", "src\WareHouse.WebAPI\WareHouse.WebAPI.xproj", "{52D957D0-6836-462F-A20D-8478B290F49C}"
EndProject
Project("{8BB2217D-0F2D-49D1-97BC-3654ED321F3B}") = "WareHouse.Data.EF", "src\WareHouse.Data.EF\WareHouse.Data.EF.xproj", "{27B3E556-35B1-40D7-8962-3F2155F9053B}"
EndProject
Project("{8BB2217D-0F2D-49D1-97BC-3654ED321F3B}") = "WareHouse.Domain", "src\WareHouse.Domain\WareHouse.Domain.xproj", "{C5FAC9B0-D73E-4A7A-BECB-4C3F0A5281F3}"
EndProject
Project("{8BB2217D-0F2D-49D1-97BC-3654ED321F3B}") = "WareHouse.Domain.Service", "src\WareHouse.Domain.Service\WareHouse.Domain.Service.xproj", "{3E212F3B-89D7-4760-8A59-5B9B4C17A623}"
EndProject
Project("{8BB2217D-0F2D-49D1-97BC-3654ED321F3B}") = "WareHouse.LogHelper", "src\WareHouse.LogHelper\WareHouse.LogHelper.xproj", "{ADA4F1E3-D486-49BA-BFD6-F8018B50F041}"
EndProject
Project("{8BB2217D-0F2D-49D1-97BC-3654ED321F3B}") = "WareHouse.MyEventStream", "src\WareHouse.MyEventStream\WareHouse.MyEventStream.xproj", "{2C21832D-A742-4AC1-BB3B-FC6A7DF219A0}"
EndProject
Project("{8BB2217D-0F2D-49D1-97BC-3654ED321F3B}") = "WareHouse.MyOData", "src\WareHouse.MyOData\WareHouse.MyOData.xproj", "{F9563FEB-8C1F-4A8C-84B0-17CFD8952ABF}"
EndProject
Project("{8BB2217D-0F2D-49D1-97BC-3654ED321F3B}") = "WareHouse.AuthAPIHelper", "src\WareHouse.AuthAPIHelper\WareHouse.AuthAPIHelper.xproj", "{F0ECE66A-123F-4A28-BE59-5F2AA0E7DBCE}"
EndProject
Project("{8BB2217D-0F2D-49D1-97BC-3654ED321F3B}") = "WareHouse.AutharizationAPI", "src\WareHouse.AutharizationAPI\WareHouse.AutharizationAPI.xproj", "{8B61C70A-5E8A-42E8-9C3B-7973CFE2FDE7}"
EndProject
Project("{8BB2217D-0F2D-49D1-97BC-3654ED321F3B}") = "WareHouse.WebApplication", "src\WareHouse.WebApplication\WareHouse.WebApplication.xproj", "{262B4B6C-EB92-43C3-AB84-483D8A15AAF6}"
EndProject
Project("{8BB2217D-0F2D-49D1-97BC-3654ED321F3B}") = "WareHouse.HttpEx", "src\WareHouse.HttpExtensions\WareHouse.HttpEx.xproj", "{541632B4-183E-41BB-92D8-76F19A46A3F3}"
EndProject
Project("{8BB2217D-0F2D-49D1-97BC-3654ED321F3B}") = "WareHouse.HttpWebHelperLibrary", "src\WareHouse.HttpWebHelperLibrary\WareHouse.HttpWebHelperLibrary.xproj", "{E309765B-F2D3-4185-99FE-590D42CD3514}"
EndProject
Project("{FAE04EC0-301F-11D3-BF4B-00C04F79EFBC}") = "WareHouse.FileCheckerService", "src\WareHouse.FileCheckerService\WareHouse.FileCheckerService.csproj", "{213126A6-99F8-48B7-8E60-7A939CDC540D}"
EndProject
Project("{8BB2217D-0F2D-49D1-97BC-3654ED321F3B}") = "WareHouse.Data.SQL", "src\WareHouse.Data.SQL\WareHouse.Data.SQL.xproj", "{85DAC69C-6A7F-45D0-BA3E-739D380B8C9B}"
EndProject
Project("{8BB2217D-0F2D-49D1-97BC-3654ED321F3B}") = "WareHouse.MyOData.Concrete", "src\WareHouse.MyOData.Concrete\WareHouse.MyOData.Concrete.xproj", "{C409E1C7-D3BE-446C-BC33-D295A6CB21B7}"
EndProject
Global
	GlobalSection(SolutionConfigurationPlatforms) = preSolution
		Debug|Any CPU = Debug|Any CPU
		Release|Any CPU = Release|Any CPU
	EndGlobalSection
	GlobalSection(ProjectConfigurationPlatforms) = postSolution
		{B96F68CC-4AA4-4FEB-9C24-2D215A71C388}.Debug|Any CPU.ActiveCfg = Debug|Any CPU
		{B96F68CC-4AA4-4FEB-9C24-2D215A71C388}.Debug|Any CPU.Build.0 = Debug|Any CPU
		{B96F68CC-4AA4-4FEB-9C24-2D215A71C388}.Release|Any CPU.ActiveCfg = Release|Any CPU
		{B96F68CC-4AA4-4FEB-9C24-2D215A71C388}.Release|Any CPU.Build.0 = Release|Any CPU
		{52D957D0-6836-462F-A20D-8478B290F49C}.Debug|Any CPU.ActiveCfg = Debug|Any CPU
		{52D957D0-6836-462F-A20D-8478B290F49C}.Debug|Any CPU.Build.0 = Debug|Any CPU
		{52D957D0-6836-462F-A20D-8478B290F49C}.Release|Any CPU.ActiveCfg = Release|Any CPU
		{52D957D0-6836-462F-A20D-8478B290F49C}.Release|Any CPU.Build.0 = Release|Any CPU
		{27B3E556-35B1-40D7-8962-3F2155F9053B}.Debug|Any CPU.ActiveCfg = Debug|Any CPU
		{27B3E556-35B1-40D7-8962-3F2155F9053B}.Debug|Any CPU.Build.0 = Debug|Any CPU
		{27B3E556-35B1-40D7-8962-3F2155F9053B}.Release|Any CPU.ActiveCfg = Release|Any CPU
		{27B3E556-35B1-40D7-8962-3F2155F9053B}.Release|Any CPU.Build.0 = Release|Any CPU
		{C5FAC9B0-D73E-4A7A-BECB-4C3F0A5281F3}.Debug|Any CPU.ActiveCfg = Debug|Any CPU
		{C5FAC9B0-D73E-4A7A-BECB-4C3F0A5281F3}.Debug|Any CPU.Build.0 = Debug|Any CPU
		{C5FAC9B0-D73E-4A7A-BECB-4C3F0A5281F3}.Release|Any CPU.ActiveCfg = Release|Any CPU
		{C5FAC9B0-D73E-4A7A-BECB-4C3F0A5281F3}.Release|Any CPU.Build.0 = Release|Any CPU
		{3E212F3B-89D7-4760-8A59-5B9B4C17A623}.Debug|Any CPU.ActiveCfg = Debug|Any CPU
		{3E212F3B-89D7-4760-8A59-5B9B4C17A623}.Debug|Any CPU.Build.0 = Debug|Any CPU
		{3E212F3B-89D7-4760-8A59-5B9B4C17A623}.Release|Any CPU.ActiveCfg = Release|Any CPU
		{3E212F3B-89D7-4760-8A59-5B9B4C17A623}.Release|Any CPU.Build.0 = Release|Any CPU
		{ADA4F1E3-D486-49BA-BFD6-F8018B50F041}.Debug|Any CPU.ActiveCfg = Debug|Any CPU
		{ADA4F1E3-D486-49BA-BFD6-F8018B50F041}.Debug|Any CPU.Build.0 = Debug|Any CPU
		{ADA4F1E3-D486-49BA-BFD6-F8018B50F041}.Release|Any CPU.ActiveCfg = Release|Any CPU
		{ADA4F1E3-D486-49BA-BFD6-F8018B50F041}.Release|Any CPU.Build.0 = Release|Any CPU
		{2C21832D-A742-4AC1-BB3B-FC6A7DF219A0}.Debug|Any CPU.ActiveCfg = Debug|Any CPU
		{2C21832D-A742-4AC1-BB3B-FC6A7DF219A0}.Debug|Any CPU.Build.0 = Debug|Any CPU
		{2C21832D-A742-4AC1-BB3B-FC6A7DF219A0}.Release|Any CPU.ActiveCfg = Release|Any CPU
		{2C21832D-A742-4AC1-BB3B-FC6A7DF219A0}.Release|Any CPU.Build.0 = Release|Any CPU
		{F9563FEB-8C1F-4A8C-84B0-17CFD8952ABF}.Debug|Any CPU.ActiveCfg = Debug|Any CPU
		{F9563FEB-8C1F-4A8C-84B0-17CFD8952ABF}.Debug|Any CPU.Build.0 = Debug|Any CPU
		{F9563FEB-8C1F-4A8C-84B0-17CFD8952ABF}.Release|Any CPU.ActiveCfg = Release|Any CPU
		{F9563FEB-8C1F-4A8C-84B0-17CFD8952ABF}.Release|Any CPU.Build.0 = Release|Any CPU
		{F0ECE66A-123F-4A28-BE59-5F2AA0E7DBCE}.Debug|Any CPU.ActiveCfg = Debug|Any CPU
		{F0ECE66A-123F-4A28-BE59-5F2AA0E7DBCE}.Debug|Any CPU.Build.0 = Debug|Any CPU
		{F0ECE66A-123F-4A28-BE59-5F2AA0E7DBCE}.Release|Any CPU.ActiveCfg = Release|Any CPU
		{F0ECE66A-123F-4A28-BE59-5F2AA0E7DBCE}.Release|Any CPU.Build.0 = Release|Any CPU
		{8B61C70A-5E8A-42E8-9C3B-7973CFE2FDE7}.Debug|Any CPU.ActiveCfg = Debug|Any CPU
		{8B61C70A-5E8A-42E8-9C3B-7973CFE2FDE7}.Debug|Any CPU.Build.0 = Debug|Any CPU
		{8B61C70A-5E8A-42E8-9C3B-7973CFE2FDE7}.Release|Any CPU.ActiveCfg = Release|Any CPU
		{8B61C70A-5E8A-42E8-9C3B-7973CFE2FDE7}.Release|Any CPU.Build.0 = Release|Any CPU
		{262B4B6C-EB92-43C3-AB84-483D8A15AAF6}.Debug|Any CPU.ActiveCfg = Debug|Any CPU
		{262B4B6C-EB92-43C3-AB84-483D8A15AAF6}.Debug|Any CPU.Build.0 = Debug|Any CPU
		{262B4B6C-EB92-43C3-AB84-483D8A15AAF6}.Release|Any CPU.ActiveCfg = Release|Any CPU
		{262B4B6C-EB92-43C3-AB84-483D8A15AAF6}.Release|Any CPU.Build.0 = Release|Any CPU
		{541632B4-183E-41BB-92D8-76F19A46A3F3}.Debug|Any CPU.ActiveCfg = Debug|Any CPU
		{541632B4-183E-41BB-92D8-76F19A46A3F3}.Debug|Any CPU.Build.0 = Debug|Any CPU
		{541632B4-183E-41BB-92D8-76F19A46A3F3}.Release|Any CPU.ActiveCfg = Release|Any CPU
		{541632B4-183E-41BB-92D8-76F19A46A3F3}.Release|Any CPU.Build.0 = Release|Any CPU
		{E309765B-F2D3-4185-99FE-590D42CD3514}.Debug|Any CPU.ActiveCfg = Debug|Any CPU
		{E309765B-F2D3-4185-99FE-590D42CD3514}.Debug|Any CPU.Build.0 = Debug|Any CPU
		{E309765B-F2D3-4185-99FE-590D42CD3514}.Release|Any CPU.ActiveCfg = Release|Any CPU
		{E309765B-F2D3-4185-99FE-590D42CD3514}.Release|Any CPU.Build.0 = Release|Any CPU
		{213126A6-99F8-48B7-8E60-7A939CDC540D}.Debug|Any CPU.ActiveCfg = Debug|Any CPU
		{213126A6-99F8-48B7-8E60-7A939CDC540D}.Debug|Any CPU.Build.0 = Debug|Any CPU
		{213126A6-99F8-48B7-8E60-7A939CDC540D}.Release|Any CPU.ActiveCfg = Release|Any CPU
		{213126A6-99F8-48B7-8E60-7A939CDC540D}.Release|Any CPU.Build.0 = Release|Any CPU
		{85DAC69C-6A7F-45D0-BA3E-739D380B8C9B}.Debug|Any CPU.ActiveCfg = Debug|Any CPU
		{85DAC69C-6A7F-45D0-BA3E-739D380B8C9B}.Debug|Any CPU.Build.0 = Debug|Any CPU
		{85DAC69C-6A7F-45D0-BA3E-739D380B8C9B}.Release|Any CPU.ActiveCfg = Release|Any CPU
		{85DAC69C-6A7F-45D0-BA3E-739D380B8C9B}.Release|Any CPU.Build.0 = Release|Any CPU
		{C409E1C7-D3BE-446C-BC33-D295A6CB21B7}.Debug|Any CPU.ActiveCfg = Debug|Any CPU
		{C409E1C7-D3BE-446C-BC33-D295A6CB21B7}.Debug|Any CPU.Build.0 = Debug|Any CPU
		{C409E1C7-D3BE-446C-BC33-D295A6CB21B7}.Release|Any CPU.ActiveCfg = Release|Any CPU
		{C409E1C7-D3BE-446C-BC33-D295A6CB21B7}.Release|Any CPU.Build.0 = Release|Any CPU
	EndGlobalSection
	GlobalSection(SolutionProperties) = preSolution
		HideSolutionNode = FALSE
	EndGlobalSection
	GlobalSection(NestedProjects) = preSolution
		{B96F68CC-4AA4-4FEB-9C24-2D215A71C388} = {EEE8B00A-29BC-4DF2-95C7-1FC2A2F49EA4}
		{52D957D0-6836-462F-A20D-8478B290F49C} = {EEE8B00A-29BC-4DF2-95C7-1FC2A2F49EA4}
		{27B3E556-35B1-40D7-8962-3F2155F9053B} = {EEE8B00A-29BC-4DF2-95C7-1FC2A2F49EA4}
		{C5FAC9B0-D73E-4A7A-BECB-4C3F0A5281F3} = {EEE8B00A-29BC-4DF2-95C7-1FC2A2F49EA4}
		{3E212F3B-89D7-4760-8A59-5B9B4C17A623} = {EEE8B00A-29BC-4DF2-95C7-1FC2A2F49EA4}
		{ADA4F1E3-D486-49BA-BFD6-F8018B50F041} = {EEE8B00A-29BC-4DF2-95C7-1FC2A2F49EA4}
		{2C21832D-A742-4AC1-BB3B-FC6A7DF219A0} = {EEE8B00A-29BC-4DF2-95C7-1FC2A2F49EA4}
		{F9563FEB-8C1F-4A8C-84B0-17CFD8952ABF} = {EEE8B00A-29BC-4DF2-95C7-1FC2A2F49EA4}
		{F0ECE66A-123F-4A28-BE59-5F2AA0E7DBCE} = {EEE8B00A-29BC-4DF2-95C7-1FC2A2F49EA4}
		{8B61C70A-5E8A-42E8-9C3B-7973CFE2FDE7} = {EEE8B00A-29BC-4DF2-95C7-1FC2A2F49EA4}
		{262B4B6C-EB92-43C3-AB84-483D8A15AAF6} = {EEE8B00A-29BC-4DF2-95C7-1FC2A2F49EA4}
		{541632B4-183E-41BB-92D8-76F19A46A3F3} = {EEE8B00A-29BC-4DF2-95C7-1FC2A2F49EA4}
		{E309765B-F2D3-4185-99FE-590D42CD3514} = {EEE8B00A-29BC-4DF2-95C7-1FC2A2F49EA4}
		{213126A6-99F8-48B7-8E60-7A939CDC540D} = {EEE8B00A-29BC-4DF2-95C7-1FC2A2F49EA4}
		{85DAC69C-6A7F-45D0-BA3E-739D380B8C9B} = {EEE8B00A-29BC-4DF2-95C7-1FC2A2F49EA4}
		{C409E1C7-D3BE-446C-BC33-D295A6CB21B7} = {EEE8B00A-29BC-4DF2-95C7-1FC2A2F49EA4}
	EndGlobalSection
EndGlobal
